
Microsoft Visual Studio Solution File, Format Version 12.00
# Visual Studio 15
VisualStudioVersion = 15.0.27428.2037
MinimumVisualStudioVersion = 10.0.40219.1
Project("{FAE04EC0-301F-11D3-BF4B-00C04F79EFBC}") = "ang4api", "ang4api\ang4api.csproj", "{0DCDE4F3-83FE-4789-9CF5-44CE72DBD91A}"
EndProject
Project("{00D1A9C2-B5F0-4AF3-8072-F6C62B433612}") = "SQLDBProject", "SQLDBProject\SQLDBProject.sqlproj", "{DC242CA6-ADC0-48EB-94A9-5C656A48AFA9}"
EndProject
Global
	GlobalSection(SolutionConfigurationPlatforms) = preSolution
		Debug|Any CPU = Debug|Any CPU
		Release|Any CPU = Release|Any CPU
	EndGlobalSection
	GlobalSection(ProjectConfigurationPlatforms) = postSolution
		{0DCDE4F3-83FE-4789-9CF5-44CE72DBD91A}.Debug|Any CPU.ActiveCfg = Debug|Any CPU
		{0DCDE4F3-83FE-4789-9CF5-44CE72DBD91A}.Debug|Any CPU.Build.0 = Debug|Any CPU
		{0DCDE4F3-83FE-4789-9CF5-44CE72DBD91A}.Release|Any CPU.ActiveCfg = Release|Any CPU
		{0DCDE4F3-83FE-4789-9CF5-44CE72DBD91A}.Release|Any CPU.Build.0 = Release|Any CPU
		{DC242CA6-ADC0-48EB-94A9-5C656A48AFA9}.Debug|Any CPU.ActiveCfg = Debug|Any CPU
		{DC242CA6-ADC0-48EB-94A9-5C656A48AFA9}.Debug|Any CPU.Build.0 = Debug|Any CPU
		{DC242CA6-ADC0-48EB-94A9-5C656A48AFA9}.Debug|Any CPU.Deploy.0 = Debug|Any CPU
		{DC242CA6-ADC0-48EB-94A9-5C656A48AFA9}.Release|Any CPU.ActiveCfg = Release|Any CPU
		{DC242CA6-ADC0-48EB-94A9-5C656A48AFA9}.Release|Any CPU.Build.0 = Release|Any CPU
		{DC242CA6-ADC0-48EB-94A9-5C656A48AFA9}.Release|Any CPU.Deploy.0 = Release|Any CPU
	EndGlobalSection
	GlobalSection(SolutionProperties) = preSolution
		HideSolutionNode = FALSE
	EndGlobalSection
	GlobalSection(ExtensibilityGlobals) = postSolution
		SolutionGuid = {8DF42B48-F468-40C5-8BDF-14702903DA44}
	EndGlobalSection
EndGlobal
